// !$*UTF8*$!
{
	archiveVersion = 1;
	classes = {
	};
	objectVersion = 56;
	objects = {

/* Begin PBXBuildFile section */
		7E003C492A65AFF6002E9331 /* CurrencyPickerView.swift in Sources */ = {isa = PBXBuildFile; fileRef = 7E003C472A65AFF6002E9331 /* CurrencyPickerView.swift */; };
		7E003C4A2A65AFF6002E9331 /* CurrencyPickerView.xib in Resources */ = {isa = PBXBuildFile; fileRef = 7E003C482A65AFF6002E9331 /* CurrencyPickerView.xib */; };
		7E003C4D2A65B51F002E9331 /* Symbols.swift in Sources */ = {isa = PBXBuildFile; fileRef = 7E003C4C2A65B51F002E9331 /* Symbols.swift */; };
		7E003C4F2A65B52C002E9331 /* CurrencyConversionDTO.swift in Sources */ = {isa = PBXBuildFile; fileRef = 7E003C4E2A65B52C002E9331 /* CurrencyConversionDTO.swift */; };
		7E003C522A65F2B4002E9331 /* UIViewController+Alert.swift in Sources */ = {isa = PBXBuildFile; fileRef = 7E003C512A65F2B4002E9331 /* UIViewController+Alert.swift */; };
		7E003C572A65F728002E9331 /* view3.png in Resources */ = {isa = PBXBuildFile; fileRef = 7E003C542A65F727002E9331 /* view3.png */; };
		7E003C582A65F728002E9331 /* view2.png in Resources */ = {isa = PBXBuildFile; fileRef = 7E003C552A65F727002E9331 /* view2.png */; };
		7E003C592A65F728002E9331 /* view1.png in Resources */ = {isa = PBXBuildFile; fileRef = 7E003C562A65F728002E9331 /* view1.png */; };
		7E2AA8A32A6543E6005F3D40 /* SwiftyJSON.xcframework in Frameworks */ = {isa = PBXBuildFile; fileRef = 7EC115272A64D98E00F31DB6 /* SwiftyJSON.xcframework */; };
		7E2AA8A42A6543E6005F3D40 /* SwiftyJSON.xcframework in Embed Frameworks */ = {isa = PBXBuildFile; fileRef = 7EC115272A64D98E00F31DB6 /* SwiftyJSON.xcframework */; settings = {ATTRIBUTES = (CodeSignOnCopy, RemoveHeadersOnCopy, ); }; };
		7E2AA8A62A6543EE005F3D40 /* Realm.xcframework in Frameworks */ = {isa = PBXBuildFile; fileRef = 7E2AA8A52A6543EE005F3D40 /* Realm.xcframework */; };
		7E2AA8A72A6543EE005F3D40 /* Realm.xcframework in Embed Frameworks */ = {isa = PBXBuildFile; fileRef = 7E2AA8A52A6543EE005F3D40 /* Realm.xcframework */; settings = {ATTRIBUTES = (CodeSignOnCopy, RemoveHeadersOnCopy, ); }; };
		7E2AA8A92A6543F4005F3D40 /* RealmSwift.xcframework in Frameworks */ = {isa = PBXBuildFile; fileRef = 7E2AA8A82A6543F3005F3D40 /* RealmSwift.xcframework */; };
		7E2AA8AA2A6543F4005F3D40 /* RealmSwift.xcframework in Embed Frameworks */ = {isa = PBXBuildFile; fileRef = 7E2AA8A82A6543F3005F3D40 /* RealmSwift.xcframework */; settings = {ATTRIBUTES = (CodeSignOnCopy, RemoveHeadersOnCopy, ); }; };
		7E2AA8AD2A6549A5005F3D40 /* CurrencyConverterRepository.swift in Sources */ = {isa = PBXBuildFile; fileRef = 7E2AA8AC2A6549A5005F3D40 /* CurrencyConverterRepository.swift */; };
		7E2AA8AF2A6549B4005F3D40 /* CurrencyConverterRepositoryImpl.swift in Sources */ = {isa = PBXBuildFile; fileRef = 7E2AA8AE2A6549B4005F3D40 /* CurrencyConverterRepositoryImpl.swift */; };
		7E2AA8B22A6549FA005F3D40 /* CurrencyConverterAPI.swift in Sources */ = {isa = PBXBuildFile; fileRef = 7E2AA8B12A6549FA005F3D40 /* CurrencyConverterAPI.swift */; };
		7E2AA8B52A654A97005F3D40 /* RepositoryProvider.swift in Sources */ = {isa = PBXBuildFile; fileRef = 7E2AA8B42A654A97005F3D40 /* RepositoryProvider.swift */; };
		7E2AA8B82A655896005F3D40 /* LocalStorage.swift in Sources */ = {isa = PBXBuildFile; fileRef = 7E2AA8B72A655896005F3D40 /* LocalStorage.swift */; };
		7E2AA8BA2A6558A2005F3D40 /* LocalStorageImpl.swift in Sources */ = {isa = PBXBuildFile; fileRef = 7E2AA8B92A6558A2005F3D40 /* LocalStorageImpl.swift */; };
		7E2AA8BD2A655AAE005F3D40 /* GradientView.swift in Sources */ = {isa = PBXBuildFile; fileRef = 7E2AA8BC2A655AAE005F3D40 /* GradientView.swift */; };
		7EC114EB2A64631F00F31DB6 /* AppDelegate.swift in Sources */ = {isa = PBXBuildFile; fileRef = 7EC114EA2A64631F00F31DB6 /* AppDelegate.swift */; };
		7EC114ED2A64631F00F31DB6 /* SceneDelegate.swift in Sources */ = {isa = PBXBuildFile; fileRef = 7EC114EC2A64631F00F31DB6 /* SceneDelegate.swift */; };
		7EC114EF2A64631F00F31DB6 /* HomeViewController.swift in Sources */ = {isa = PBXBuildFile; fileRef = 7EC114EE2A64631F00F31DB6 /* HomeViewController.swift */; };
		7EC114F22A64631F00F31DB6 /* Main.storyboard in Resources */ = {isa = PBXBuildFile; fileRef = 7EC114F02A64631F00F31DB6 /* Main.storyboard */; };
		7EC114F42A64631F00F31DB6 /* Assets.xcassets in Resources */ = {isa = PBXBuildFile; fileRef = 7EC114F32A64631F00F31DB6 /* Assets.xcassets */; };
		7EC114F72A64631F00F31DB6 /* LaunchScreen.storyboard in Resources */ = {isa = PBXBuildFile; fileRef = 7EC114F52A64631F00F31DB6 /* LaunchScreen.storyboard */; };
		7EC115032A64698F00F31DB6 /* Colors.xcassets in Resources */ = {isa = PBXBuildFile; fileRef = 7EC115022A64698F00F31DB6 /* Colors.xcassets */; };
		7EC115082A6469D500F31DB6 /* Colors.swift in Sources */ = {isa = PBXBuildFile; fileRef = 7EC115072A6469D500F31DB6 /* Colors.swift */; };
		7EC1151B2A64BA6000F31DB6 /* APIConstants.swift in Sources */ = {isa = PBXBuildFile; fileRef = 7EC1151A2A64BA6000F31DB6 /* APIConstants.swift */; };
		7EC1151D2A64BBEA00F31DB6 /* Alamofire.xcframework in Frameworks */ = {isa = PBXBuildFile; fileRef = 7EC1151C2A64BBEA00F31DB6 /* Alamofire.xcframework */; };
		7EC1151E2A64BBEA00F31DB6 /* Alamofire.xcframework in Embed Frameworks */ = {isa = PBXBuildFile; fileRef = 7EC1151C2A64BBEA00F31DB6 /* Alamofire.xcframework */; settings = {ATTRIBUTES = (CodeSignOnCopy, RemoveHeadersOnCopy, ); }; };
		7EC115212A64BE5200F31DB6 /* APIClient.swift in Sources */ = {isa = PBXBuildFile; fileRef = 7EC115202A64BE5200F31DB6 /* APIClient.swift */; };
		7EC115232A64BE5D00F31DB6 /* APIClientImpl.swift in Sources */ = {isa = PBXBuildFile; fileRef = 7EC115222A64BE5D00F31DB6 /* APIClientImpl.swift */; };
		7EC115262A64C95500F31DB6 /* CurrencyPickerViewController.swift in Sources */ = {isa = PBXBuildFile; fileRef = 7EC115252A64C95500F31DB6 /* CurrencyPickerViewController.swift */; };
		7EC1152F2A64EA8C00F31DB6 /* CurrencySymbolsListDTO.swift in Sources */ = {isa = PBXBuildFile; fileRef = 7EC1152E2A64EA8C00F31DB6 /* CurrencySymbolsListDTO.swift */; };
		7EE74E852A6619220050A6DC /* UIView+NoData.swift in Sources */ = {isa = PBXBuildFile; fileRef = 7EE74E842A6619220050A6DC /* UIView+NoData.swift */; };
/* End PBXBuildFile section */

/* Begin PBXCopyFilesBuildPhase section */
		7EC1151F2A64BBEA00F31DB6 /* Embed Frameworks */ = {
			isa = PBXCopyFilesBuildPhase;
			buildActionMask = 2147483647;
			dstPath = "";
			dstSubfolderSpec = 10;
			files = (
				7EC1151E2A64BBEA00F31DB6 /* Alamofire.xcframework in Embed Frameworks */,
				7E2AA8A42A6543E6005F3D40 /* SwiftyJSON.xcframework in Embed Frameworks */,
				7E2AA8A72A6543EE005F3D40 /* Realm.xcframework in Embed Frameworks */,
				7E2AA8AA2A6543F4005F3D40 /* RealmSwift.xcframework in Embed Frameworks */,
			);
			name = "Embed Frameworks";
			runOnlyForDeploymentPostprocessing = 0;
		};
/* End PBXCopyFilesBuildPhase section */

/* Begin PBXFileReference section */
		7E003C472A65AFF6002E9331 /* CurrencyPickerView.swift */ = {isa = PBXFileReference; fileEncoding = 4; lastKnownFileType = sourcecode.swift; path = CurrencyPickerView.swift; sourceTree = "<group>"; };
		7E003C482A65AFF6002E9331 /* CurrencyPickerView.xib */ = {isa = PBXFileReference; fileEncoding = 4; lastKnownFileType = file.xib; path = CurrencyPickerView.xib; sourceTree = "<group>"; };
		7E003C4C2A65B51F002E9331 /* Symbols.swift */ = {isa = PBXFileReference; lastKnownFileType = sourcecode.swift; path = Symbols.swift; sourceTree = "<group>"; };
		7E003C4E2A65B52C002E9331 /* CurrencyConversionDTO.swift */ = {isa = PBXFileReference; lastKnownFileType = sourcecode.swift; path = CurrencyConversionDTO.swift; sourceTree = "<group>"; };
		7E003C512A65F2B4002E9331 /* UIViewController+Alert.swift */ = {isa = PBXFileReference; lastKnownFileType = sourcecode.swift; path = "UIViewController+Alert.swift"; sourceTree = "<group>"; };
		7E003C542A65F727002E9331 /* view3.png */ = {isa = PBXFileReference; lastKnownFileType = image.png; path = view3.png; sourceTree = "<group>"; };
		7E003C552A65F727002E9331 /* view2.png */ = {isa = PBXFileReference; lastKnownFileType = image.png; path = view2.png; sourceTree = "<group>"; };
		7E003C562A65F728002E9331 /* view1.png */ = {isa = PBXFileReference; lastKnownFileType = image.png; path = view1.png; sourceTree = "<group>"; };
		7E2AA8A52A6543EE005F3D40 /* Realm.xcframework */ = {isa = PBXFileReference; lastKnownFileType = wrapper.xcframework; name = Realm.xcframework; path = Carthage/Build/Realm.xcframework; sourceTree = "<group>"; };
		7E2AA8A82A6543F3005F3D40 /* RealmSwift.xcframework */ = {isa = PBXFileReference; lastKnownFileType = wrapper.xcframework; name = RealmSwift.xcframework; path = Carthage/Build/RealmSwift.xcframework; sourceTree = "<group>"; };
		7E2AA8AC2A6549A5005F3D40 /* CurrencyConverterRepository.swift */ = {isa = PBXFileReference; lastKnownFileType = sourcecode.swift; path = CurrencyConverterRepository.swift; sourceTree = "<group>"; };
		7E2AA8AE2A6549B4005F3D40 /* CurrencyConverterRepositoryImpl.swift */ = {isa = PBXFileReference; lastKnownFileType = sourcecode.swift; path = CurrencyConverterRepositoryImpl.swift; sourceTree = "<group>"; };
		7E2AA8B12A6549FA005F3D40 /* CurrencyConverterAPI.swift */ = {isa = PBXFileReference; lastKnownFileType = sourcecode.swift; path = CurrencyConverterAPI.swift; sourceTree = "<group>"; };
		7E2AA8B42A654A97005F3D40 /* RepositoryProvider.swift */ = {isa = PBXFileReference; lastKnownFileType = sourcecode.swift; path = RepositoryProvider.swift; sourceTree = "<group>"; };
		7E2AA8B72A655896005F3D40 /* LocalStorage.swift */ = {isa = PBXFileReference; lastKnownFileType = sourcecode.swift; path = LocalStorage.swift; sourceTree = "<group>"; };
		7E2AA8B92A6558A2005F3D40 /* LocalStorageImpl.swift */ = {isa = PBXFileReference; lastKnownFileType = sourcecode.swift; path = LocalStorageImpl.swift; sourceTree = "<group>"; };
		7E2AA8BC2A655AAE005F3D40 /* GradientView.swift */ = {isa = PBXFileReference; lastKnownFileType = sourcecode.swift; path = GradientView.swift; sourceTree = "<group>"; };
		7EC114E72A64631F00F31DB6 /* cowrywise-take-home.app */ = {isa = PBXFileReference; explicitFileType = wrapper.application; includeInIndex = 0; path = "cowrywise-take-home.app"; sourceTree = BUILT_PRODUCTS_DIR; };
		7EC114EA2A64631F00F31DB6 /* AppDelegate.swift */ = {isa = PBXFileReference; lastKnownFileType = sourcecode.swift; path = AppDelegate.swift; sourceTree = "<group>"; };
		7EC114EC2A64631F00F31DB6 /* SceneDelegate.swift */ = {isa = PBXFileReference; lastKnownFileType = sourcecode.swift; path = SceneDelegate.swift; sourceTree = "<group>"; };
		7EC114EE2A64631F00F31DB6 /* HomeViewController.swift */ = {isa = PBXFileReference; lastKnownFileType = sourcecode.swift; path = HomeViewController.swift; sourceTree = "<group>"; };
		7EC114F12A64631F00F31DB6 /* Base */ = {isa = PBXFileReference; lastKnownFileType = file.storyboard; name = Base; path = Base.lproj/Main.storyboard; sourceTree = "<group>"; };
		7EC114F32A64631F00F31DB6 /* Assets.xcassets */ = {isa = PBXFileReference; lastKnownFileType = folder.assetcatalog; name = Assets.xcassets; path = "cowrywise-take-home/Assets.xcassets"; sourceTree = SOURCE_ROOT; };
		7EC114F62A64631F00F31DB6 /* Base */ = {isa = PBXFileReference; lastKnownFileType = file.storyboard; name = Base; path = Base.lproj/LaunchScreen.storyboard; sourceTree = "<group>"; };
		7EC114F82A64631F00F31DB6 /* Info.plist */ = {isa = PBXFileReference; lastKnownFileType = text.plist.xml; path = Info.plist; sourceTree = "<group>"; };
		7EC115022A64698F00F31DB6 /* Colors.xcassets */ = {isa = PBXFileReference; lastKnownFileType = folder.assetcatalog; path = Colors.xcassets; sourceTree = "<group>"; };
		7EC115072A6469D500F31DB6 /* Colors.swift */ = {isa = PBXFileReference; lastKnownFileType = sourcecode.swift; path = Colors.swift; sourceTree = "<group>"; };
		7EC115132A64B96F00F31DB6 /* Alamofire.framework */ = {isa = PBXFileReference; lastKnownFileType = wrapper.framework; name = Alamofire.framework; path = Carthage/Build/iOS/Alamofire.framework; sourceTree = "<group>"; };
		7EC1151A2A64BA6000F31DB6 /* APIConstants.swift */ = {isa = PBXFileReference; lastKnownFileType = sourcecode.swift; path = APIConstants.swift; sourceTree = "<group>"; };
		7EC1151C2A64BBEA00F31DB6 /* Alamofire.xcframework */ = {isa = PBXFileReference; lastKnownFileType = wrapper.xcframework; name = Alamofire.xcframework; path = Carthage/Build/Alamofire.xcframework; sourceTree = "<group>"; };
		7EC115202A64BE5200F31DB6 /* APIClient.swift */ = {isa = PBXFileReference; lastKnownFileType = sourcecode.swift; path = APIClient.swift; sourceTree = "<group>"; };
		7EC115222A64BE5D00F31DB6 /* APIClientImpl.swift */ = {isa = PBXFileReference; lastKnownFileType = sourcecode.swift; path = APIClientImpl.swift; sourceTree = "<group>"; };
		7EC115252A64C95500F31DB6 /* CurrencyPickerViewController.swift */ = {isa = PBXFileReference; lastKnownFileType = sourcecode.swift; path = CurrencyPickerViewController.swift; sourceTree = "<group>"; };
		7EC115272A64D98E00F31DB6 /* SwiftyJSON.xcframework */ = {isa = PBXFileReference; lastKnownFileType = wrapper.xcframework; name = SwiftyJSON.xcframework; path = Carthage/Build/SwiftyJSON.xcframework; sourceTree = "<group>"; };
		7EC1152E2A64EA8C00F31DB6 /* CurrencySymbolsListDTO.swift */ = {isa = PBXFileReference; lastKnownFileType = sourcecode.swift; path = CurrencySymbolsListDTO.swift; sourceTree = "<group>"; };
		7EE74E842A6619220050A6DC /* UIView+NoData.swift */ = {isa = PBXFileReference; lastKnownFileType = sourcecode.swift; path = "UIView+NoData.swift"; sourceTree = "<group>"; };
/* End PBXFileReference section */

/* Begin PBXFrameworksBuildPhase section */
		7EC114E42A64631F00F31DB6 /* Frameworks */ = {
			isa = PBXFrameworksBuildPhase;
			buildActionMask = 2147483647;
			files = (
				7EC1151D2A64BBEA00F31DB6 /* Alamofire.xcframework in Frameworks */,
				7E2AA8A32A6543E6005F3D40 /* SwiftyJSON.xcframework in Frameworks */,
				7E2AA8A62A6543EE005F3D40 /* Realm.xcframework in Frameworks */,
				7E2AA8A92A6543F4005F3D40 /* RealmSwift.xcframework in Frameworks */,
			);
			runOnlyForDeploymentPostprocessing = 0;
		};
/* End PBXFrameworksBuildPhase section */

/* Begin PBXGroup section */
		7E003C4B2A65B002002E9331 /* Currency Picker View */ = {
			isa = PBXGroup;
			children = (
				7E003C472A65AFF6002E9331 /* CurrencyPickerView.swift */,
				7E003C482A65AFF6002E9331 /* CurrencyPickerView.xib */,
			);
			path = "Currency Picker View";
			sourceTree = "<group>";
		};
		7E003C502A65F29D002E9331 /* Extensions */ = {
			isa = PBXGroup;
			children = (
				7E003C512A65F2B4002E9331 /* UIViewController+Alert.swift */,
				7EE74E842A6619220050A6DC /* UIView+NoData.swift */,
			);
			path = Extensions;
			sourceTree = "<group>";
		};
		7E003C532A65F70B002E9331 /* ReadMeAssets */ = {
			isa = PBXGroup;
			children = (
				7E003C562A65F728002E9331 /* view1.png */,
				7E003C552A65F727002E9331 /* view2.png */,
				7E003C542A65F727002E9331 /* view3.png */,
			);
			path = ReadMeAssets;
			sourceTree = "<group>";
		};
		7E2AA8A22A6541FF005F3D40 /* Repositories */ = {
			isa = PBXGroup;
			children = (
				7E2AA8B32A654A77005F3D40 /* Repository Provider */,
				7E2AA8AB2A654952005F3D40 /* Currency Converter */,
			);
			path = Repositories;
			sourceTree = "<group>";
		};
		7E2AA8AB2A654952005F3D40 /* Currency Converter */ = {
			isa = PBXGroup;
			children = (
				7E2AA8AC2A6549A5005F3D40 /* CurrencyConverterRepository.swift */,
				7E2AA8AE2A6549B4005F3D40 /* CurrencyConverterRepositoryImpl.swift */,
			);
			path = "Currency Converter";
			sourceTree = "<group>";
		};
		7E2AA8B02A6549EB005F3D40 /* Currency Converter */ = {
			isa = PBXGroup;
			children = (
				7E2AA8B12A6549FA005F3D40 /* CurrencyConverterAPI.swift */,
			);
			path = "Currency Converter";
			sourceTree = "<group>";
		};
		7E2AA8B32A654A77005F3D40 /* Repository Provider */ = {
			isa = PBXGroup;
			children = (
				7E2AA8B42A654A97005F3D40 /* RepositoryProvider.swift */,
			);
			path = "Repository Provider";
			sourceTree = "<group>";
		};
		7E2AA8B62A655852005F3D40 /* Local Storage */ = {
			isa = PBXGroup;
			children = (
				7E2AA8B72A655896005F3D40 /* LocalStorage.swift */,
				7E2AA8B92A6558A2005F3D40 /* LocalStorageImpl.swift */,
			);
			path = "Local Storage";
			sourceTree = "<group>";
		};
		7E2AA8BB2A655A96005F3D40 /* Views */ = {
			isa = PBXGroup;
			children = (
				7E2AA8BC2A655AAE005F3D40 /* GradientView.swift */,
			);
			path = Views;
			sourceTree = "<group>";
		};
		7EC114DE2A64631F00F31DB6 = {
			isa = PBXGroup;
			children = (
				7E003C532A65F70B002E9331 /* ReadMeAssets */,
				7EC114E92A64631F00F31DB6 /* cowrywise-take-home */,
				7EC114E82A64631F00F31DB6 /* Products */,
				7EC115122A64B96F00F31DB6 /* Frameworks */,
			);
			sourceTree = "<group>";
		};
		7EC114E82A64631F00F31DB6 /* Products */ = {
			isa = PBXGroup;
			children = (
				7EC114E72A64631F00F31DB6 /* cowrywise-take-home.app */,
			);
			name = Products;
			sourceTree = "<group>";
		};
		7EC114E92A64631F00F31DB6 /* cowrywise-take-home */ = {
			isa = PBXGroup;
			children = (
				7EC114FF2A6467B900F31DB6 /* Assets */,
				7EC115002A6467BF00F31DB6 /* Data */,
				7EC115012A6467C500F31DB6 /* View Controllers */,
				7EC114FE2A6467A600F31DB6 /* Application */,
				7EC114F82A64631F00F31DB6 /* Info.plist */,
			);
			path = "cowrywise-take-home";
			sourceTree = "<group>";
		};
		7EC114FE2A6467A600F31DB6 /* Application */ = {
			isa = PBXGroup;
			children = (
				7EC114EA2A64631F00F31DB6 /* AppDelegate.swift */,
				7EC114EC2A64631F00F31DB6 /* SceneDelegate.swift */,
				7EC114F02A64631F00F31DB6 /* Main.storyboard */,
				7EC114F52A64631F00F31DB6 /* LaunchScreen.storyboard */,
			);
			path = Application;
			sourceTree = "<group>";
		};
		7EC114FF2A6467B900F31DB6 /* Assets */ = {
			isa = PBXGroup;
			children = (
				7EC115062A6469B800F31DB6 /* Resources */,
				7EC115022A64698F00F31DB6 /* Colors.xcassets */,
				7EC114F32A64631F00F31DB6 /* Assets.xcassets */,
			);
			path = Assets;
			sourceTree = "<group>";
		};
		7EC115002A6467BF00F31DB6 /* Data */ = {
			isa = PBXGroup;
			children = (
				7E2AA8B62A655852005F3D40 /* Local Storage */,
				7EC1152A2A64D9CE00F31DB6 /* Datasources */,
				7E2AA8A22A6541FF005F3D40 /* Repositories */,
				7EC1152B2A64E99400F31DB6 /* Model */,
				7EC115182A64BA3900F31DB6 /* Networking */,
			);
			path = Data;
			sourceTree = "<group>";
		};
		7EC115012A6467C500F31DB6 /* View Controllers */ = {
			isa = PBXGroup;
			children = (
				7E003C502A65F29D002E9331 /* Extensions */,
				7E2AA8BB2A655A96005F3D40 /* Views */,
				7EC115242A64C92600F31DB6 /* Currency Picker */,
				7EC115092A647A2500F31DB6 /* Home */,
			);
			path = "View Controllers";
			sourceTree = "<group>";
		};
		7EC115062A6469B800F31DB6 /* Resources */ = {
			isa = PBXGroup;
			children = (
				7EC115072A6469D500F31DB6 /* Colors.swift */,
			);
			path = Resources;
			sourceTree = "<group>";
		};
		7EC115092A647A2500F31DB6 /* Home */ = {
			isa = PBXGroup;
			children = (
				7EC1150A2A648BC300F31DB6 /* Views */,
				7EC114EE2A64631F00F31DB6 /* HomeViewController.swift */,
			);
			path = Home;
			sourceTree = "<group>";
		};
		7EC1150A2A648BC300F31DB6 /* Views */ = {
			isa = PBXGroup;
			children = (
				7E003C4B2A65B002002E9331 /* Currency Picker View */,
			);
			path = Views;
			sourceTree = "<group>";
		};
		7EC115122A64B96F00F31DB6 /* Frameworks */ = {
			isa = PBXGroup;
			children = (
				7E2AA8A82A6543F3005F3D40 /* RealmSwift.xcframework */,
				7E2AA8A52A6543EE005F3D40 /* Realm.xcframework */,
				7EC115272A64D98E00F31DB6 /* SwiftyJSON.xcframework */,
				7EC1151C2A64BBEA00F31DB6 /* Alamofire.xcframework */,
				7EC115132A64B96F00F31DB6 /* Alamofire.framework */,
			);
			name = Frameworks;
			sourceTree = "<group>";
		};
		7EC115182A64BA3900F31DB6 /* Networking */ = {
			isa = PBXGroup;
			children = (
				7EC115192A64BA4600F31DB6 /* APIClient */,
			);
			path = Networking;
			sourceTree = "<group>";
		};
		7EC115192A64BA4600F31DB6 /* APIClient */ = {
			isa = PBXGroup;
			children = (
				7EC1151A2A64BA6000F31DB6 /* APIConstants.swift */,
				7EC115202A64BE5200F31DB6 /* APIClient.swift */,
				7EC115222A64BE5D00F31DB6 /* APIClientImpl.swift */,
			);
			path = APIClient;
			sourceTree = "<group>";
		};
		7EC115242A64C92600F31DB6 /* Currency Picker */ = {
			isa = PBXGroup;
			children = (
				7EC115252A64C95500F31DB6 /* CurrencyPickerViewController.swift */,
			);
			path = "Currency Picker";
			sourceTree = "<group>";
		};
		7EC1152A2A64D9CE00F31DB6 /* Datasources */ = {
			isa = PBXGroup;
			children = (
				7E2AA8B02A6549EB005F3D40 /* Currency Converter */,
			);
			path = Datasources;
			sourceTree = "<group>";
		};
		7EC1152B2A64E99400F31DB6 /* Model */ = {
			isa = PBXGroup;
			children = (
				7EC1152D2A64E99F00F31DB6 /* Domains */,
				7EC1152C2A64E99800F31DB6 /* DTOs */,
			);
			path = Model;
			sourceTree = "<group>";
		};
		7EC1152C2A64E99800F31DB6 /* DTOs */ = {
			isa = PBXGroup;
			children = (
				7EC1152E2A64EA8C00F31DB6 /* CurrencySymbolsListDTO.swift */,
				7E003C4E2A65B52C002E9331 /* CurrencyConversionDTO.swift */,
			);
			path = DTOs;
			sourceTree = "<group>";
		};
		7EC1152D2A64E99F00F31DB6 /* Domains */ = {
			isa = PBXGroup;
			children = (
				7E003C4C2A65B51F002E9331 /* Symbols.swift */,
			);
			path = Domains;
			sourceTree = "<group>";
		};
/* End PBXGroup section */

/* Begin PBXNativeTarget section */
		7EC114E62A64631F00F31DB6 /* cowrywise-take-home */ = {
			isa = PBXNativeTarget;
			buildConfigurationList = 7EC114FB2A64631F00F31DB6 /* Build configuration list for PBXNativeTarget "cowrywise-take-home" */;
			buildPhases = (
				7EC114E32A64631F00F31DB6 /* Sources */,
				7EC114E42A64631F00F31DB6 /* Frameworks */,
				7EC114E52A64631F00F31DB6 /* Resources */,
				7EC115172A64B98C00F31DB6 /* Run Script */,
				7EC1151F2A64BBEA00F31DB6 /* Embed Frameworks */,
			);
			buildRules = (
			);
			dependencies = (
			);
			name = "cowrywise-take-home";
			productName = "cowrywise-take-home";
			productReference = 7EC114E72A64631F00F31DB6 /* cowrywise-take-home.app */;
			productType = "com.apple.product-type.application";
		};
/* End PBXNativeTarget section */

/* Begin PBXProject section */
		7EC114DF2A64631F00F31DB6 /* Project object */ = {
			isa = PBXProject;
			attributes = {
				BuildIndependentTargetsInParallel = 1;
				LastSwiftUpdateCheck = 1430;
				LastUpgradeCheck = 1430;
				TargetAttributes = {
					7EC114E62A64631F00F31DB6 = {
						CreatedOnToolsVersion = 14.3.1;
					};
				};
			};
			buildConfigurationList = 7EC114E22A64631F00F31DB6 /* Build configuration list for PBXProject "cowrywise-take-home" */;
			compatibilityVersion = "Xcode 14.0";
			developmentRegion = en;
			hasScannedForEncodings = 0;
			knownRegions = (
				en,
				Base,
			);
			mainGroup = 7EC114DE2A64631F00F31DB6;
			productRefGroup = 7EC114E82A64631F00F31DB6 /* Products */;
			projectDirPath = "";
			projectRoot = "";
			targets = (
				7EC114E62A64631F00F31DB6 /* cowrywise-take-home */,
			);
		};
/* End PBXProject section */

/* Begin PBXResourcesBuildPhase section */
		7EC114E52A64631F00F31DB6 /* Resources */ = {
			isa = PBXResourcesBuildPhase;
			buildActionMask = 2147483647;
			files = (
				7E003C572A65F728002E9331 /* view3.png in Resources */,
				7EC114F72A64631F00F31DB6 /* LaunchScreen.storyboard in Resources */,
				7EC115032A64698F00F31DB6 /* Colors.xcassets in Resources */,
				7E003C582A65F728002E9331 /* view2.png in Resources */,
				7EC114F42A64631F00F31DB6 /* Assets.xcassets in Resources */,
				7E003C592A65F728002E9331 /* view1.png in Resources */,
				7EC114F22A64631F00F31DB6 /* Main.storyboard in Resources */,
				7E003C4A2A65AFF6002E9331 /* CurrencyPickerView.xib in Resources */,
			);
			runOnlyForDeploymentPostprocessing = 0;
		};
/* End PBXResourcesBuildPhase section */

/* Begin PBXShellScriptBuildPhase section */
		7EC115172A64B98C00F31DB6 /* Run Script */ = {
			isa = PBXShellScriptBuildPhase;
			alwaysOutOfDate = 1;
			buildActionMask = 2147483647;
			files = (
			);
			inputFileListPaths = (
			);
			inputPaths = (
				"$(SRCROOT)/Carthage/Build/Alamofire.framework",
				"$(SRCROOT)/Carthage/Build/SwiftyJSON.framework",
				"$(SRCROOT)/Carthage/Build/Realm.framework",
				"$(SRCROOT)/Carthage/Build/RealmSwift.framework",
			);
			name = "Run Script";
			outputFileListPaths = (
			);
			outputPaths = (
			);
			runOnlyForDeploymentPostprocessing = 0;
			shellPath = /bin/sh;
			shellScript = "# Type a script or drag a script file from your workspace to insert its path.\nCARTHAGEP=\"$(which carthage) copy-frameworks\"\n$CARTHAGE\n";
		};
/* End PBXShellScriptBuildPhase section */

/* Begin PBXSourcesBuildPhase section */
		7EC114E32A64631F00F31DB6 /* Sources */ = {
			isa = PBXSourcesBuildPhase;
			buildActionMask = 2147483647;
			files = (
				7E2AA8B22A6549FA005F3D40 /* CurrencyConverterAPI.swift in Sources */,
				7EC115232A64BE5D00F31DB6 /* APIClientImpl.swift in Sources */,
				7E2AA8AF2A6549B4005F3D40 /* CurrencyConverterRepositoryImpl.swift in Sources */,
				7EE74E852A6619220050A6DC /* UIView+NoData.swift in Sources */,
				7E2AA8AD2A6549A5005F3D40 /* CurrencyConverterRepository.swift in Sources */,
				7E003C492A65AFF6002E9331 /* CurrencyPickerView.swift in Sources */,
				7EC114EF2A64631F00F31DB6 /* HomeViewController.swift in Sources */,
				7EC1152F2A64EA8C00F31DB6 /* CurrencySymbolsListDTO.swift in Sources */,
				7E2AA8BA2A6558A2005F3D40 /* LocalStorageImpl.swift in Sources */,
				7EC1151B2A64BA6000F31DB6 /* APIConstants.swift in Sources */,
				7E003C4D2A65B51F002E9331 /* Symbols.swift in Sources */,
				7E2AA8BD2A655AAE005F3D40 /* GradientView.swift in Sources */,
				7E2AA8B82A655896005F3D40 /* LocalStorage.swift in Sources */,
				7EC115262A64C95500F31DB6 /* CurrencyPickerViewController.swift in Sources */,
				7EC115212A64BE5200F31DB6 /* APIClient.swift in Sources */,
				7E2AA8B52A654A97005F3D40 /* RepositoryProvider.swift in Sources */,
				7E003C522A65F2B4002E9331 /* UIViewController+Alert.swift in Sources */,
				7EC115082A6469D500F31DB6 /* Colors.swift in Sources */,
				7E003C4F2A65B52C002E9331 /* CurrencyConversionDTO.swift in Sources */,
				7EC114EB2A64631F00F31DB6 /* AppDelegate.swift in Sources */,
				7EC114ED2A64631F00F31DB6 /* SceneDelegate.swift in Sources */,
			);
			runOnlyForDeploymentPostprocessing = 0;
		};
/* End PBXSourcesBuildPhase section */

/* Begin PBXVariantGroup section */
		7EC114F02A64631F00F31DB6 /* Main.storyboard */ = {
			isa = PBXVariantGroup;
			children = (
				7EC114F12A64631F00F31DB6 /* Base */,
			);
			name = Main.storyboard;
			sourceTree = "<group>";
		};
		7EC114F52A64631F00F31DB6 /* LaunchScreen.storyboard */ = {
			isa = PBXVariantGroup;
			children = (
				7EC114F62A64631F00F31DB6 /* Base */,
			);
			name = LaunchScreen.storyboard;
			sourceTree = "<group>";
		};
/* End PBXVariantGroup section */

/* Begin XCBuildConfiguration section */
		7EC114F92A64631F00F31DB6 /* Debug */ = {
			isa = XCBuildConfiguration;
			buildSettings = {
				ALWAYS_SEARCH_USER_PATHS = NO;
				CLANG_ANALYZER_NONNULL = YES;
				CLANG_ANALYZER_NUMBER_OBJECT_CONVERSION = YES_AGGRESSIVE;
				CLANG_CXX_LANGUAGE_STANDARD = "gnu++20";
				CLANG_ENABLE_MODULES = YES;
				CLANG_ENABLE_OBJC_ARC = YES;
				CLANG_ENABLE_OBJC_WEAK = YES;
				CLANG_WARN_BLOCK_CAPTURE_AUTORELEASING = YES;
				CLANG_WARN_BOOL_CONVERSION = YES;
				CLANG_WARN_COMMA = YES;
				CLANG_WARN_CONSTANT_CONVERSION = YES;
				CLANG_WARN_DEPRECATED_OBJC_IMPLEMENTATIONS = YES;
				CLANG_WARN_DIRECT_OBJC_ISA_USAGE = YES_ERROR;
				CLANG_WARN_DOCUMENTATION_COMMENTS = YES;
				CLANG_WARN_EMPTY_BODY = YES;
				CLANG_WARN_ENUM_CONVERSION = YES;
				CLANG_WARN_INFINITE_RECURSION = YES;
				CLANG_WARN_INT_CONVERSION = YES;
				CLANG_WARN_NON_LITERAL_NULL_CONVERSION = YES;
				CLANG_WARN_OBJC_IMPLICIT_RETAIN_SELF = YES;
				CLANG_WARN_OBJC_LITERAL_CONVERSION = YES;
				CLANG_WARN_OBJC_ROOT_CLASS = YES_ERROR;
				CLANG_WARN_QUOTED_INCLUDE_IN_FRAMEWORK_HEADER = YES;
				CLANG_WARN_RANGE_LOOP_ANALYSIS = YES;
				CLANG_WARN_STRICT_PROTOTYPES = YES;
				CLANG_WARN_SUSPICIOUS_MOVE = YES;
				CLANG_WARN_UNGUARDED_AVAILABILITY = YES_AGGRESSIVE;
				CLANG_WARN_UNREACHABLE_CODE = YES;
				CLANG_WARN__DUPLICATE_METHOD_MATCH = YES;
				COPY_PHASE_STRIP = NO;
				DEBUG_INFORMATION_FORMAT = dwarf;
				ENABLE_STRICT_OBJC_MSGSEND = YES;
				ENABLE_TESTABILITY = YES;
				GCC_C_LANGUAGE_STANDARD = gnu11;
				GCC_DYNAMIC_NO_PIC = NO;
				GCC_NO_COMMON_BLOCKS = YES;
				GCC_OPTIMIZATION_LEVEL = 0;
				GCC_PREPROCESSOR_DEFINITIONS = (
					"DEBUG=1",
					"$(inherited)",
				);
				GCC_WARN_64_TO_32_BIT_CONVERSION = YES;
				GCC_WARN_ABOUT_RETURN_TYPE = YES_ERROR;
				GCC_WARN_UNDECLARED_SELECTOR = YES;
				GCC_WARN_UNINITIALIZED_AUTOS = YES_AGGRESSIVE;
				GCC_WARN_UNUSED_FUNCTION = YES;
				GCC_WARN_UNUSED_VARIABLE = YES;
				IPHONEOS_DEPLOYMENT_TARGET = 16.4;
				MTL_ENABLE_DEBUG_INFO = INCLUDE_SOURCE;
				MTL_FAST_MATH = YES;
				ONLY_ACTIVE_ARCH = YES;
				SDKROOT = iphoneos;
				SWIFT_ACTIVE_COMPILATION_CONDITIONS = DEBUG;
				SWIFT_OPTIMIZATION_LEVEL = "-Onone";
			};
			name = Debug;
		};
		7EC114FA2A64631F00F31DB6 /* Release */ = {
			isa = XCBuildConfiguration;
			buildSettings = {
				ALWAYS_SEARCH_USER_PATHS = NO;
				CLANG_ANALYZER_NONNULL = YES;
				CLANG_ANALYZER_NUMBER_OBJECT_CONVERSION = YES_AGGRESSIVE;
				CLANG_CXX_LANGUAGE_STANDARD = "gnu++20";
				CLANG_ENABLE_MODULES = YES;
				CLANG_ENABLE_OBJC_ARC = YES;
				CLANG_ENABLE_OBJC_WEAK = YES;
				CLANG_WARN_BLOCK_CAPTURE_AUTORELEASING = YES;
				CLANG_WARN_BOOL_CONVERSION = YES;
				CLANG_WARN_COMMA = YES;
				CLANG_WARN_CONSTANT_CONVERSION = YES;
				CLANG_WARN_DEPRECATED_OBJC_IMPLEMENTATIONS = YES;
				CLANG_WARN_DIRECT_OBJC_ISA_USAGE = YES_ERROR;
				CLANG_WARN_DOCUMENTATION_COMMENTS = YES;
				CLANG_WARN_EMPTY_BODY = YES;
				CLANG_WARN_ENUM_CONVERSION = YES;
				CLANG_WARN_INFINITE_RECURSION = YES;
				CLANG_WARN_INT_CONVERSION = YES;
				CLANG_WARN_NON_LITERAL_NULL_CONVERSION = YES;
				CLANG_WARN_OBJC_IMPLICIT_RETAIN_SELF = YES;
				CLANG_WARN_OBJC_LITERAL_CONVERSION = YES;
				CLANG_WARN_OBJC_ROOT_CLASS = YES_ERROR;
				CLANG_WARN_QUOTED_INCLUDE_IN_FRAMEWORK_HEADER = YES;
				CLANG_WARN_RANGE_LOOP_ANALYSIS = YES;
				CLANG_WARN_STRICT_PROTOTYPES = YES;
				CLANG_WARN_SUSPICIOUS_MOVE = YES;
				CLANG_WARN_UNGUARDED_AVAILABILITY = YES_AGGRESSIVE;
				CLANG_WARN_UNREACHABLE_CODE = YES;
				CLANG_WARN__DUPLICATE_METHOD_MATCH = YES;
				COPY_PHASE_STRIP = NO;
				DEBUG_INFORMATION_FORMAT = "dwarf-with-dsym";
				ENABLE_NS_ASSERTIONS = NO;
				ENABLE_STRICT_OBJC_MSGSEND = YES;
				GCC_C_LANGUAGE_STANDARD = gnu11;
				GCC_NO_COMMON_BLOCKS = YES;
				GCC_WARN_64_TO_32_BIT_CONVERSION = YES;
				GCC_WARN_ABOUT_RETURN_TYPE = YES_ERROR;
				GCC_WARN_UNDECLARED_SELECTOR = YES;
				GCC_WARN_UNINITIALIZED_AUTOS = YES_AGGRESSIVE;
				GCC_WARN_UNUSED_FUNCTION = YES;
				GCC_WARN_UNUSED_VARIABLE = YES;
				IPHONEOS_DEPLOYMENT_TARGET = 16.4;
				MTL_ENABLE_DEBUG_INFO = NO;
				MTL_FAST_MATH = YES;
				SDKROOT = iphoneos;
				SWIFT_COMPILATION_MODE = wholemodule;
				SWIFT_OPTIMIZATION_LEVEL = "-O";
				VALIDATE_PRODUCT = YES;
			};
			name = Release;
		};
		7EC114FC2A64631F00F31DB6 /* Debug */ = {
			isa = XCBuildConfiguration;
			buildSettings = {
				ASSETCATALOG_COMPILER_APPICON_NAME = AppIcon;
				ASSETCATALOG_COMPILER_GLOBAL_ACCENT_COLOR_NAME = AccentColor;
				CODE_SIGN_STYLE = Automatic;
				CURRENT_PROJECT_VERSION = 1;
				DEVELOPMENT_TEAM = 3G33A99C47;
				GENERATE_INFOPLIST_FILE = YES;
				INFOPLIST_FILE = "cowrywise-take-home/Info.plist";
				INFOPLIST_KEY_UIApplicationSupportsIndirectInputEvents = YES;
				INFOPLIST_KEY_UILaunchStoryboardName = LaunchScreen;
				INFOPLIST_KEY_UIMainStoryboardFile = Main;
				INFOPLIST_KEY_UISupportedInterfaceOrientations_iPad = "UIInterfaceOrientationPortrait UIInterfaceOrientationPortraitUpsideDown UIInterfaceOrientationLandscapeLeft UIInterfaceOrientationLandscapeRight";
				INFOPLIST_KEY_UISupportedInterfaceOrientations_iPhone = "UIInterfaceOrientationPortrait UIInterfaceOrientationLandscapeLeft UIInterfaceOrientationLandscapeRight";
				LD_RUNPATH_SEARCH_PATHS = (
					"$(inherited)",
					"@executable_path/Frameworks",
				);
				MARKETING_VERSION = 1.0;
				PRODUCT_BUNDLE_IDENTIFIER = "com.aob.cowrywise-take-home";
				PRODUCT_NAME = "$(TARGET_NAME)";
				SWIFT_EMIT_LOC_STRINGS = YES;
				SWIFT_VERSION = 5.0;
				TARGETED_DEVICE_FAMILY = "1,2";
			};
			name = Debug;
		};
		7EC114FD2A64631F00F31DB6 /* Release */ = {
			isa = XCBuildConfiguration;
			buildSettings = {
				ASSETCATALOG_COMPILER_APPICON_NAME = AppIcon;
				ASSETCATALOG_COMPILER_GLOBAL_ACCENT_COLOR_NAME = AccentColor;
				CODE_SIGN_STYLE = Automatic;
				CURRENT_PROJECT_VERSION = 1;
				DEVELOPMENT_TEAM = 3G33A99C47;
				GENERATE_INFOPLIST_FILE = YES;
				INFOPLIST_FILE = "cowrywise-take-home/Info.plist";
				INFOPLIST_KEY_UIApplicationSupportsIndirectInputEvents = YES;
				INFOPLIST_KEY_UILaunchStoryboardName = LaunchScreen;
				INFOPLIST_KEY_UIMainStoryboardFile = Main;
				INFOPLIST_KEY_UISupportedInterfaceOrientations_iPad = "UIInterfaceOrientationPortrait UIInterfaceOrientationPortraitUpsideDown UIInterfaceOrientationLandscapeLeft UIInterfaceOrientationLandscapeRight";
				INFOPLIST_KEY_UISupportedInterfaceOrientations_iPhone = "UIInterfaceOrientationPortrait UIInterfaceOrientationLandscapeLeft UIInterfaceOrientationLandscapeRight";
				LD_RUNPATH_SEARCH_PATHS = (
					"$(inherited)",
					"@executable_path/Frameworks",
				);
				MARKETING_VERSION = 1.0;
				PRODUCT_BUNDLE_IDENTIFIER = "com.aob.cowrywise-take-home";
				PRODUCT_NAME = "$(TARGET_NAME)";
				SWIFT_EMIT_LOC_STRINGS = YES;
				SWIFT_VERSION = 5.0;
				TARGETED_DEVICE_FAMILY = "1,2";
			};
			name = Release;
		};
/* End XCBuildConfiguration section */

/* Begin XCConfigurationList section */
		7EC114E22A64631F00F31DB6 /* Build configuration list for PBXProject "cowrywise-take-home" */ = {
			isa = XCConfigurationList;
			buildConfigurations = (
				7EC114F92A64631F00F31DB6 /* Debug */,
				7EC114FA2A64631F00F31DB6 /* Release */,
			);
			defaultConfigurationIsVisible = 0;
			defaultConfigurationName = Release;
		};
		7EC114FB2A64631F00F31DB6 /* Build configuration list for PBXNativeTarget "cowrywise-take-home" */ = {
			isa = XCConfigurationList;
			buildConfigurations = (
				7EC114FC2A64631F00F31DB6 /* Debug */,
				7EC114FD2A64631F00F31DB6 /* Release */,
			);
			defaultConfigurationIsVisible = 0;
			defaultConfigurationName = Release;
		};
/* End XCConfigurationList section */
	};
	rootObject = 7EC114DF2A64631F00F31DB6 /* Project object */;
}
